// !$*UTF8*$!
{
	archiveVersion = 1;
	classes = {
	};
	objectVersion = 46;
	objects = {

/* Begin PBXBuildFile section */
		3DD0FD0E461D75CD3BCD7A3C /* libPods.a in Frameworks */ = {isa = PBXBuildFile; fileRef = BD3503176144C23B38431939 /* libPods.a */; };
		EC37A03F1C4FB1E600215003 /* BCKeychainManager.m in Sources */ = {isa = PBXBuildFile; fileRef = EC37A03E1C4FB1E600215003 /* BCKeychainManager.m */; };
		EC37A0451C50881400215003 /* CHChatRoomSettingVC.m in Sources */ = {isa = PBXBuildFile; fileRef = EC37A0431C50881400215003 /* CHChatRoomSettingVC.m */; };
		EC37A0461C50881400215003 /* CHChatRoomSettingVC.xib in Resources */ = {isa = PBXBuildFile; fileRef = EC37A0441C50881400215003 /* CHChatRoomSettingVC.xib */; };
		EC8C8EF01C326430005BADBC /* libsqlite3.tbd in Frameworks */ = {isa = PBXBuildFile; fileRef = EC8C8EEF1C326430005BADBC /* libsqlite3.tbd */; };
		EC8C8EF61C327193005BADBC /* mydatabase.sqlite in Resources */ = {isa = PBXBuildFile; fileRef = EC8C8EF51C327193005BADBC /* mydatabase.sqlite */; };
		EC8C8EF71C327193005BADBC /* mydatabase.sqlite in Resources */ = {isa = PBXBuildFile; fileRef = EC8C8EF51C327193005BADBC /* mydatabase.sqlite */; };
		EC8C8EF81C327193005BADBC /* mydatabase.sqlite in Resources */ = {isa = PBXBuildFile; fileRef = EC8C8EF51C327193005BADBC /* mydatabase.sqlite */; };
		EC8C8EFA1C3271CE005BADBC /* libsqlite3.0.tbd in Frameworks */ = {isa = PBXBuildFile; fileRef = EC8C8EF91C3271CE005BADBC /* libsqlite3.0.tbd */; };
		EC8C8F071C327788005BADBC /* FMDatabase.m in Sources */ = {isa = PBXBuildFile; fileRef = EC8C8EFD1C327788005BADBC /* FMDatabase.m */; };
		EC8C8F081C327788005BADBC /* FMDatabaseAdditions.m in Sources */ = {isa = PBXBuildFile; fileRef = EC8C8EFF1C327788005BADBC /* FMDatabaseAdditions.m */; };
		EC8C8F091C327788005BADBC /* FMDatabasePool.m in Sources */ = {isa = PBXBuildFile; fileRef = EC8C8F011C327788005BADBC /* FMDatabasePool.m */; };
		EC8C8F0A1C327788005BADBC /* FMDatabaseQueue.m in Sources */ = {isa = PBXBuildFile; fileRef = EC8C8F031C327788005BADBC /* FMDatabaseQueue.m */; };
		EC8C8F0B1C327788005BADBC /* FMResultSet.m in Sources */ = {isa = PBXBuildFile; fileRef = EC8C8F061C327788005BADBC /* FMResultSet.m */; };
		EC8C8F0E1C3277B7005BADBC /* myDB.m in Sources */ = {isa = PBXBuildFile; fileRef = EC8C8F0D1C3277B7005BADBC /* myDB.m */; };
		EC8C8F121C33BD30005BADBC /* CHScrollView.m in Sources */ = {isa = PBXBuildFile; fileRef = EC8C8F111C33BD30005BADBC /* CHScrollView.m */; };
		EC8C8F151C362EB8005BADBC /* Bolts.framework in Frameworks */ = {isa = PBXBuildFile; fileRef = EC8C8F131C362EB8005BADBC /* Bolts.framework */; };
		EC8C8F161C362EB8005BADBC /* Parse.framework in Frameworks */ = {isa = PBXBuildFile; fileRef = EC8C8F141C362EB8005BADBC /* Parse.framework */; };
		EC8C8F181C362F0B005BADBC /* AudioToolbox.framework in Frameworks */ = {isa = PBXBuildFile; fileRef = EC8C8F171C362F0B005BADBC /* AudioToolbox.framework */; };
		EC8C8F1A1C362F14005BADBC /* CFNetwork.framework in Frameworks */ = {isa = PBXBuildFile; fileRef = EC8C8F191C362F14005BADBC /* CFNetwork.framework */; };
		EC8C8F1C1C362F1B005BADBC /* CoreGraphics.framework in Frameworks */ = {isa = PBXBuildFile; fileRef = EC8C8F1B1C362F1B005BADBC /* CoreGraphics.framework */; };
		EC8C8F1E1C362F22005BADBC /* CoreLocation.framework in Frameworks */ = {isa = PBXBuildFile; fileRef = EC8C8F1D1C362F22005BADBC /* CoreLocation.framework */; };
		EC8C8F201C362F29005BADBC /* QuartzCore.framework in Frameworks */ = {isa = PBXBuildFile; fileRef = EC8C8F1F1C362F29005BADBC /* QuartzCore.framework */; };
		EC8C8F221C362F2F005BADBC /* Security.framework in Frameworks */ = {isa = PBXBuildFile; fileRef = EC8C8F211C362F2F005BADBC /* Security.framework */; };
		EC8C8F241C362F36005BADBC /* StoreKit.framework in Frameworks */ = {isa = PBXBuildFile; fileRef = EC8C8F231C362F36005BADBC /* StoreKit.framework */; };
		EC8C8F261C362F3C005BADBC /* SystemConfiguration.framework in Frameworks */ = {isa = PBXBuildFile; fileRef = EC8C8F251C362F3C005BADBC /* SystemConfiguration.framework */; };
		EC8C8F281C362F4A005BADBC /* libz.tbd in Frameworks */ = {isa = PBXBuildFile; fileRef = EC8C8F271C362F4A005BADBC /* libz.tbd */; };
		EC8C8F2A1C36AF4B005BADBC /* Accounts.framework in Frameworks */ = {isa = PBXBuildFile; fileRef = EC8C8F291C36AF4B005BADBC /* Accounts.framework */; };
		EC8C8F2C1C36AF54005BADBC /* Social.framework in Frameworks */ = {isa = PBXBuildFile; fileRef = EC8C8F2B1C36AF54005BADBC /* Social.framework */; };
		ECD302831C4F334F00AFE746 /* CHChatRoomVC.m in Sources */ = {isa = PBXBuildFile; fileRef = ECD302811C4F334F00AFE746 /* CHChatRoomVC.m */; };
		ECD302841C4F334F00AFE746 /* CHChatRoomVC.xib in Resources */ = {isa = PBXBuildFile; fileRef = ECD302821C4F334F00AFE746 /* CHChatRoomVC.xib */; };
		ECD493B51C28E9370043BE54 /* main.m in Sources */ = {isa = PBXBuildFile; fileRef = ECD493B41C28E9370043BE54 /* main.m */; };
		ECD493B81C28E9370043BE54 /* AppDelegate.m in Sources */ = {isa = PBXBuildFile; fileRef = ECD493B71C28E9370043BE54 /* AppDelegate.m */; };
		ECD493BE1C28E9370043BE54 /* Main.storyboard in Resources */ = {isa = PBXBuildFile; fileRef = ECD493BC1C28E9370043BE54 /* Main.storyboard */; };
		ECD493C01C28E9370043BE54 /* Assets.xcassets in Resources */ = {isa = PBXBuildFile; fileRef = ECD493BF1C28E9370043BE54 /* Assets.xcassets */; };
		ECD493C31C28E9370043BE54 /* LaunchScreen.storyboard in Resources */ = {isa = PBXBuildFile; fileRef = ECD493C11C28E9370043BE54 /* LaunchScreen.storyboard */; };
		ECD493CE1C28E9370043BE54 /* PlugTrip_iosTests.m in Sources */ = {isa = PBXBuildFile; fileRef = ECD493CD1C28E9370043BE54 /* PlugTrip_iosTests.m */; };
		ECD493D91C28E9370043BE54 /* PlugTrip_iosUITests.m in Sources */ = {isa = PBXBuildFile; fileRef = ECD493D81C28E9370043BE54 /* PlugTrip_iosUITests.m */; };
		ECD493E81C2A4E960043BE54 /* CHLoginVC.m in Sources */ = {isa = PBXBuildFile; fileRef = ECD493E71C2A4E960043BE54 /* CHLoginVC.m */; };
		ECD493EB1C2A4EBC0043BE54 /* CHMapViewVC.m in Sources */ = {isa = PBXBuildFile; fileRef = ECD493EA1C2A4EBC0043BE54 /* CHMapViewVC.m */; };
		ECD493F31C2A5A440043BE54 /* MapVCSearchView.m in Sources */ = {isa = PBXBuildFile; fileRef = ECD493EF1C2A5A440043BE54 /* MapVCSearchView.m */; };
		ECD493F41C2A5A440043BE54 /* MapVCSearchView.xib in Resources */ = {isa = PBXBuildFile; fileRef = ECD493F01C2A5A440043BE54 /* MapVCSearchView.xib */; };
		ECD493F51C2A5A440043BE54 /* SelectedLocation.m in Sources */ = {isa = PBXBuildFile; fileRef = ECD493F21C2A5A440043BE54 /* SelectedLocation.m */; };
		ECD493FA1C2A748C0043BE54 /* MapVCMenuView.m in Sources */ = {isa = PBXBuildFile; fileRef = ECD493F81C2A748C0043BE54 /* MapVCMenuView.m */; };
		ECD493FB1C2A748C0043BE54 /* MapVCMenuView.xib in Resources */ = {isa = PBXBuildFile; fileRef = ECD493F91C2A748C0043BE54 /* MapVCMenuView.xib */; };
		ECD494061C30BE010043BE54 /* CHImagePickerHeaderView.m in Sources */ = {isa = PBXBuildFile; fileRef = ECD493FE1C30BE010043BE54 /* CHImagePickerHeaderView.m */; };
		ECD494071C30BE010043BE54 /* CHImagePickerHeaderView.xib in Resources */ = {isa = PBXBuildFile; fileRef = ECD493FF1C30BE010043BE54 /* CHImagePickerHeaderView.xib */; };
		ECD494081C30BE010043BE54 /* CHImagePickerView.m in Sources */ = {isa = PBXBuildFile; fileRef = ECD494011C30BE010043BE54 /* CHImagePickerView.m */; };
		ECD494091C30BE010043BE54 /* CHImagePickerView.xib in Resources */ = {isa = PBXBuildFile; fileRef = ECD494021C30BE010043BE54 /* CHImagePickerView.xib */; };
		ECD4940A1C30BE010043BE54 /* CHImagePickerViewCell.m in Sources */ = {isa = PBXBuildFile; fileRef = ECD494041C30BE010043BE54 /* CHImagePickerViewCell.m */; };
		ECD4940B1C30BE010043BE54 /* CHImagePickerViewCell.xib in Resources */ = {isa = PBXBuildFile; fileRef = ECD494051C30BE010043BE54 /* CHImagePickerViewCell.xib */; };
		ECD494141C30CBD60043BE54 /* 1_checked.png in Resources */ = {isa = PBXBuildFile; fileRef = ECD4940E1C30CBD60043BE54 /* 1_checked.png */; };
		ECD494151C30CBD60043BE54 /* 1_uncheck.png in Resources */ = {isa = PBXBuildFile; fileRef = ECD4940F1C30CBD60043BE54 /* 1_uncheck.png */; };
		ECD494161C30CBD60043BE54 /* 2_checked.png in Resources */ = {isa = PBXBuildFile; fileRef = ECD494101C30CBD60043BE54 /* 2_checked.png */; };
		ECD494171C30CBD60043BE54 /* 2_unchecked.png in Resources */ = {isa = PBXBuildFile; fileRef = ECD494111C30CBD60043BE54 /* 2_unchecked.png */; };
		ECD494181C30CBD60043BE54 /* allCheck@2x.png in Resources */ = {isa = PBXBuildFile; fileRef = ECD494121C30CBD60043BE54 /* allCheck@2x.png */; };
		ECD494191C30CBD60043BE54 /* checked@2x.png in Resources */ = {isa = PBXBuildFile; fileRef = ECD494131C30CBD60043BE54 /* checked@2x.png */; };
/* End PBXBuildFile section */

/* Begin PBXContainerItemProxy section */
		ECD493CA1C28E9370043BE54 /* PBXContainerItemProxy */ = {
			isa = PBXContainerItemProxy;
			containerPortal = ECD493A81C28E9370043BE54 /* Project object */;
			proxyType = 1;
			remoteGlobalIDString = ECD493AF1C28E9370043BE54;
			remoteInfo = PlugTrip_ios;
		};
		ECD493D51C28E9370043BE54 /* PBXContainerItemProxy */ = {
			isa = PBXContainerItemProxy;
			containerPortal = ECD493A81C28E9370043BE54 /* Project object */;
			proxyType = 1;
			remoteGlobalIDString = ECD493AF1C28E9370043BE54;
			remoteInfo = PlugTrip_ios;
		};
/* End PBXContainerItemProxy section */

/* Begin PBXFileReference section */
		683A63D2D4AF3E9A491058A9 /* Pods.release.xcconfig */ = {isa = PBXFileReference; includeInIndex = 1; lastKnownFileType = text.xcconfig; name = Pods.release.xcconfig; path = "Pods/Target Support Files/Pods/Pods.release.xcconfig"; sourceTree = "<group>"; };
		92DA014E37C9787200AD1D99 /* Pods.debug.xcconfig */ = {isa = PBXFileReference; includeInIndex = 1; lastKnownFileType = text.xcconfig; name = Pods.debug.xcconfig; path = "Pods/Target Support Files/Pods/Pods.debug.xcconfig"; sourceTree = "<group>"; };
		BD3503176144C23B38431939 /* libPods.a */ = {isa = PBXFileReference; explicitFileType = archive.ar; includeInIndex = 0; path = libPods.a; sourceTree = BUILT_PRODUCTS_DIR; };
		EC37A03D1C4FB1E600215003 /* BCKeychainManager.h */ = {isa = PBXFileReference; fileEncoding = 4; lastKnownFileType = sourcecode.c.h; path = BCKeychainManager.h; sourceTree = "<group>"; };
		EC37A03E1C4FB1E600215003 /* BCKeychainManager.m */ = {isa = PBXFileReference; fileEncoding = 4; lastKnownFileType = sourcecode.c.objc; path = BCKeychainManager.m; sourceTree = "<group>"; };
		EC37A0421C50881400215003 /* CHChatRoomSettingVC.h */ = {isa = PBXFileReference; fileEncoding = 4; lastKnownFileType = sourcecode.c.h; name = CHChatRoomSettingVC.h; path = Classes/CHChatRoomSettingVC/CHChatRoomSettingVC.h; sourceTree = "<group>"; };
		EC37A0431C50881400215003 /* CHChatRoomSettingVC.m */ = {isa = PBXFileReference; fileEncoding = 4; lastKnownFileType = sourcecode.c.objc; name = CHChatRoomSettingVC.m; path = Classes/CHChatRoomSettingVC/CHChatRoomSettingVC.m; sourceTree = "<group>"; };
		EC37A0441C50881400215003 /* CHChatRoomSettingVC.xib */ = {isa = PBXFileReference; fileEncoding = 4; lastKnownFileType = file.xib; name = CHChatRoomSettingVC.xib; path = Classes/CHChatRoomSettingVC/CHChatRoomSettingVC.xib; sourceTree = "<group>"; };
		EC8C8EEF1C326430005BADBC /* libsqlite3.tbd */ = {isa = PBXFileReference; lastKnownFileType = "sourcecode.text-based-dylib-definition"; name = libsqlite3.tbd; path = usr/lib/libsqlite3.tbd; sourceTree = SDKROOT; };
		EC8C8EF51C327193005BADBC /* mydatabase.sqlite */ = {isa = PBXFileReference; lastKnownFileType = file; path = mydatabase.sqlite; sourceTree = "<group>"; };
		EC8C8EF91C3271CE005BADBC /* libsqlite3.0.tbd */ = {isa = PBXFileReference; lastKnownFileType = "sourcecode.text-based-dylib-definition"; name = libsqlite3.0.tbd; path = usr/lib/libsqlite3.0.tbd; sourceTree = SDKROOT; };
		EC8C8EFC1C327788005BADBC /* FMDatabase.h */ = {isa = PBXFileReference; fileEncoding = 4; lastKnownFileType = sourcecode.c.h; path = FMDatabase.h; sourceTree = "<group>"; };
		EC8C8EFD1C327788005BADBC /* FMDatabase.m */ = {isa = PBXFileReference; fileEncoding = 4; lastKnownFileType = sourcecode.c.objc; path = FMDatabase.m; sourceTree = "<group>"; };
		EC8C8EFE1C327788005BADBC /* FMDatabaseAdditions.h */ = {isa = PBXFileReference; fileEncoding = 4; lastKnownFileType = sourcecode.c.h; path = FMDatabaseAdditions.h; sourceTree = "<group>"; };
		EC8C8EFF1C327788005BADBC /* FMDatabaseAdditions.m */ = {isa = PBXFileReference; fileEncoding = 4; lastKnownFileType = sourcecode.c.objc; path = FMDatabaseAdditions.m; sourceTree = "<group>"; };
		EC8C8F001C327788005BADBC /* FMDatabasePool.h */ = {isa = PBXFileReference; fileEncoding = 4; lastKnownFileType = sourcecode.c.h; path = FMDatabasePool.h; sourceTree = "<group>"; };
		EC8C8F011C327788005BADBC /* FMDatabasePool.m */ = {isa = PBXFileReference; fileEncoding = 4; lastKnownFileType = sourcecode.c.objc; path = FMDatabasePool.m; sourceTree = "<group>"; };
		EC8C8F021C327788005BADBC /* FMDatabaseQueue.h */ = {isa = PBXFileReference; fileEncoding = 4; lastKnownFileType = sourcecode.c.h; path = FMDatabaseQueue.h; sourceTree = "<group>"; };
		EC8C8F031C327788005BADBC /* FMDatabaseQueue.m */ = {isa = PBXFileReference; fileEncoding = 4; lastKnownFileType = sourcecode.c.objc; path = FMDatabaseQueue.m; sourceTree = "<group>"; };
		EC8C8F041C327788005BADBC /* FMDB.h */ = {isa = PBXFileReference; fileEncoding = 4; lastKnownFileType = sourcecode.c.h; path = FMDB.h; sourceTree = "<group>"; };
		EC8C8F051C327788005BADBC /* FMResultSet.h */ = {isa = PBXFileReference; fileEncoding = 4; lastKnownFileType = sourcecode.c.h; path = FMResultSet.h; sourceTree = "<group>"; };
		EC8C8F061C327788005BADBC /* FMResultSet.m */ = {isa = PBXFileReference; fileEncoding = 4; lastKnownFileType = sourcecode.c.objc; path = FMResultSet.m; sourceTree = "<group>"; };
		EC8C8F0C1C3277B7005BADBC /* myDB.h */ = {isa = PBXFileReference; fileEncoding = 4; lastKnownFileType = sourcecode.c.h; path = myDB.h; sourceTree = "<group>"; };
		EC8C8F0D1C3277B7005BADBC /* myDB.m */ = {isa = PBXFileReference; fileEncoding = 4; lastKnownFileType = sourcecode.c.objc; path = myDB.m; sourceTree = "<group>"; };
		EC8C8F101C33BD30005BADBC /* CHScrollView.h */ = {isa = PBXFileReference; fileEncoding = 4; lastKnownFileType = sourcecode.c.h; path = CHScrollView.h; sourceTree = "<group>"; };
		EC8C8F111C33BD30005BADBC /* CHScrollView.m */ = {isa = PBXFileReference; fileEncoding = 4; lastKnownFileType = sourcecode.c.objc; path = CHScrollView.m; sourceTree = "<group>"; };
		EC8C8F131C362EB8005BADBC /* Bolts.framework */ = {isa = PBXFileReference; lastKnownFileType = wrapper.framework; path = Bolts.framework; sourceTree = "<group>"; };
		EC8C8F141C362EB8005BADBC /* Parse.framework */ = {isa = PBXFileReference; lastKnownFileType = wrapper.framework; path = Parse.framework; sourceTree = "<group>"; };
		EC8C8F171C362F0B005BADBC /* AudioToolbox.framework */ = {isa = PBXFileReference; lastKnownFileType = wrapper.framework; name = AudioToolbox.framework; path = System/Library/Frameworks/AudioToolbox.framework; sourceTree = SDKROOT; };
		EC8C8F191C362F14005BADBC /* CFNetwork.framework */ = {isa = PBXFileReference; lastKnownFileType = wrapper.framework; name = CFNetwork.framework; path = System/Library/Frameworks/CFNetwork.framework; sourceTree = SDKROOT; };
		EC8C8F1B1C362F1B005BADBC /* CoreGraphics.framework */ = {isa = PBXFileReference; lastKnownFileType = wrapper.framework; name = CoreGraphics.framework; path = System/Library/Frameworks/CoreGraphics.framework; sourceTree = SDKROOT; };
		EC8C8F1D1C362F22005BADBC /* CoreLocation.framework */ = {isa = PBXFileReference; lastKnownFileType = wrapper.framework; name = CoreLocation.framework; path = System/Library/Frameworks/CoreLocation.framework; sourceTree = SDKROOT; };
		EC8C8F1F1C362F29005BADBC /* QuartzCore.framework */ = {isa = PBXFileReference; lastKnownFileType = wrapper.framework; name = QuartzCore.framework; path = System/Library/Frameworks/QuartzCore.framework; sourceTree = SDKROOT; };
		EC8C8F211C362F2F005BADBC /* Security.framework */ = {isa = PBXFileReference; lastKnownFileType = wrapper.framework; name = Security.framework; path = System/Library/Frameworks/Security.framework; sourceTree = SDKROOT; };
		EC8C8F231C362F36005BADBC /* StoreKit.framework */ = {isa = PBXFileReference; lastKnownFileType = wrapper.framework; name = StoreKit.framework; path = System/Library/Frameworks/StoreKit.framework; sourceTree = SDKROOT; };
		EC8C8F251C362F3C005BADBC /* SystemConfiguration.framework */ = {isa = PBXFileReference; lastKnownFileType = wrapper.framework; name = SystemConfiguration.framework; path = System/Library/Frameworks/SystemConfiguration.framework; sourceTree = SDKROOT; };
		EC8C8F271C362F4A005BADBC /* libz.tbd */ = {isa = PBXFileReference; lastKnownFileType = "sourcecode.text-based-dylib-definition"; name = libz.tbd; path = usr/lib/libz.tbd; sourceTree = SDKROOT; };
		EC8C8F291C36AF4B005BADBC /* Accounts.framework */ = {isa = PBXFileReference; lastKnownFileType = wrapper.framework; name = Accounts.framework; path = System/Library/Frameworks/Accounts.framework; sourceTree = SDKROOT; };
		EC8C8F2B1C36AF54005BADBC /* Social.framework */ = {isa = PBXFileReference; lastKnownFileType = wrapper.framework; name = Social.framework; path = System/Library/Frameworks/Social.framework; sourceTree = SDKROOT; };
		ECD302801C4F334F00AFE746 /* CHChatRoomVC.h */ = {isa = PBXFileReference; fileEncoding = 4; lastKnownFileType = sourcecode.c.h; name = CHChatRoomVC.h; path = Classes/CHChatRoomVC/CHChatRoomVC.h; sourceTree = "<group>"; };
		ECD302811C4F334F00AFE746 /* CHChatRoomVC.m */ = {isa = PBXFileReference; fileEncoding = 4; lastKnownFileType = sourcecode.c.objc; name = CHChatRoomVC.m; path = Classes/CHChatRoomVC/CHChatRoomVC.m; sourceTree = "<group>"; };
		ECD302821C4F334F00AFE746 /* CHChatRoomVC.xib */ = {isa = PBXFileReference; fileEncoding = 4; lastKnownFileType = file.xib; name = CHChatRoomVC.xib; path = Classes/CHChatRoomVC/CHChatRoomVC.xib; sourceTree = "<group>"; };
		ECD493B01C28E9370043BE54 /* PlugTrip_ios.app */ = {isa = PBXFileReference; explicitFileType = wrapper.application; includeInIndex = 0; path = PlugTrip_ios.app; sourceTree = BUILT_PRODUCTS_DIR; };
		ECD493B41C28E9370043BE54 /* main.m */ = {isa = PBXFileReference; lastKnownFileType = sourcecode.c.objc; path = main.m; sourceTree = "<group>"; };
		ECD493B61C28E9370043BE54 /* AppDelegate.h */ = {isa = PBXFileReference; lastKnownFileType = sourcecode.c.h; path = AppDelegate.h; sourceTree = "<group>"; };
		ECD493B71C28E9370043BE54 /* AppDelegate.m */ = {isa = PBXFileReference; lastKnownFileType = sourcecode.c.objc; path = AppDelegate.m; sourceTree = "<group>"; };
		ECD493BD1C28E9370043BE54 /* Base */ = {isa = PBXFileReference; lastKnownFileType = file.storyboard; name = Base; path = Base.lproj/Main.storyboard; sourceTree = "<group>"; };
		ECD493BF1C28E9370043BE54 /* Assets.xcassets */ = {isa = PBXFileReference; lastKnownFileType = folder.assetcatalog; path = Assets.xcassets; sourceTree = "<group>"; };
		ECD493C21C28E9370043BE54 /* Base */ = {isa = PBXFileReference; lastKnownFileType = file.storyboard; name = Base; path = Base.lproj/LaunchScreen.storyboard; sourceTree = "<group>"; };
		ECD493C41C28E9370043BE54 /* Info.plist */ = {isa = PBXFileReference; lastKnownFileType = text.plist.xml; path = Info.plist; sourceTree = "<group>"; };
		ECD493C91C28E9370043BE54 /* PlugTrip_iosTests.xctest */ = {isa = PBXFileReference; explicitFileType = wrapper.cfbundle; includeInIndex = 0; path = PlugTrip_iosTests.xctest; sourceTree = BUILT_PRODUCTS_DIR; };
		ECD493CD1C28E9370043BE54 /* PlugTrip_iosTests.m */ = {isa = PBXFileReference; lastKnownFileType = sourcecode.c.objc; path = PlugTrip_iosTests.m; sourceTree = "<group>"; };
		ECD493CF1C28E9370043BE54 /* Info.plist */ = {isa = PBXFileReference; lastKnownFileType = text.plist.xml; path = Info.plist; sourceTree = "<group>"; };
		ECD493D41C28E9370043BE54 /* PlugTrip_iosUITests.xctest */ = {isa = PBXFileReference; explicitFileType = wrapper.cfbundle; includeInIndex = 0; path = PlugTrip_iosUITests.xctest; sourceTree = BUILT_PRODUCTS_DIR; };
		ECD493D81C28E9370043BE54 /* PlugTrip_iosUITests.m */ = {isa = PBXFileReference; lastKnownFileType = sourcecode.c.objc; path = PlugTrip_iosUITests.m; sourceTree = "<group>"; };
		ECD493DA1C28E9370043BE54 /* Info.plist */ = {isa = PBXFileReference; lastKnownFileType = text.plist.xml; path = Info.plist; sourceTree = "<group>"; };
		ECD493E61C2A4E960043BE54 /* CHLoginVC.h */ = {isa = PBXFileReference; fileEncoding = 4; lastKnownFileType = sourcecode.c.h; path = CHLoginVC.h; sourceTree = "<group>"; };
		ECD493E71C2A4E960043BE54 /* CHLoginVC.m */ = {isa = PBXFileReference; fileEncoding = 4; lastKnownFileType = sourcecode.c.objc; path = CHLoginVC.m; sourceTree = "<group>"; };
		ECD493E91C2A4EBC0043BE54 /* CHMapViewVC.h */ = {isa = PBXFileReference; fileEncoding = 4; lastKnownFileType = sourcecode.c.h; path = CHMapViewVC.h; sourceTree = "<group>"; };
		ECD493EA1C2A4EBC0043BE54 /* CHMapViewVC.m */ = {isa = PBXFileReference; fileEncoding = 4; lastKnownFileType = sourcecode.c.objc; path = CHMapViewVC.m; sourceTree = "<group>"; };
		ECD493EE1C2A5A440043BE54 /* MapVCSearchView.h */ = {isa = PBXFileReference; fileEncoding = 4; lastKnownFileType = sourcecode.c.h; path = MapVCSearchView.h; sourceTree = "<group>"; };
		ECD493EF1C2A5A440043BE54 /* MapVCSearchView.m */ = {isa = PBXFileReference; fileEncoding = 4; lastKnownFileType = sourcecode.c.objc; path = MapVCSearchView.m; sourceTree = "<group>"; };
		ECD493F01C2A5A440043BE54 /* MapVCSearchView.xib */ = {isa = PBXFileReference; fileEncoding = 4; lastKnownFileType = file.xib; path = MapVCSearchView.xib; sourceTree = "<group>"; };
		ECD493F11C2A5A440043BE54 /* SelectedLocation.h */ = {isa = PBXFileReference; fileEncoding = 4; lastKnownFileType = sourcecode.c.h; path = SelectedLocation.h; sourceTree = "<group>"; };
		ECD493F21C2A5A440043BE54 /* SelectedLocation.m */ = {isa = PBXFileReference; fileEncoding = 4; lastKnownFileType = sourcecode.c.objc; path = SelectedLocation.m; sourceTree = "<group>"; };
		ECD493F71C2A748C0043BE54 /* MapVCMenuView.h */ = {isa = PBXFileReference; fileEncoding = 4; lastKnownFileType = sourcecode.c.h; path = MapVCMenuView.h; sourceTree = "<group>"; };
		ECD493F81C2A748C0043BE54 /* MapVCMenuView.m */ = {isa = PBXFileReference; fileEncoding = 4; lastKnownFileType = sourcecode.c.objc; path = MapVCMenuView.m; sourceTree = "<group>"; };
		ECD493F91C2A748C0043BE54 /* MapVCMenuView.xib */ = {isa = PBXFileReference; fileEncoding = 4; lastKnownFileType = file.xib; path = MapVCMenuView.xib; sourceTree = "<group>"; };
		ECD493FD1C30BE010043BE54 /* CHImagePickerHeaderView.h */ = {isa = PBXFileReference; fileEncoding = 4; lastKnownFileType = sourcecode.c.h; path = CHImagePickerHeaderView.h; sourceTree = "<group>"; };
		ECD493FE1C30BE010043BE54 /* CHImagePickerHeaderView.m */ = {isa = PBXFileReference; fileEncoding = 4; lastKnownFileType = sourcecode.c.objc; path = CHImagePickerHeaderView.m; sourceTree = "<group>"; };
		ECD493FF1C30BE010043BE54 /* CHImagePickerHeaderView.xib */ = {isa = PBXFileReference; fileEncoding = 4; lastKnownFileType = file.xib; path = CHImagePickerHeaderView.xib; sourceTree = "<group>"; };
		ECD494001C30BE010043BE54 /* CHImagePickerView.h */ = {isa = PBXFileReference; fileEncoding = 4; lastKnownFileType = sourcecode.c.h; path = CHImagePickerView.h; sourceTree = "<group>"; };
		ECD494011C30BE010043BE54 /* CHImagePickerView.m */ = {isa = PBXFileReference; fileEncoding = 4; lastKnownFileType = sourcecode.c.objc; path = CHImagePickerView.m; sourceTree = "<group>"; };
		ECD494021C30BE010043BE54 /* CHImagePickerView.xib */ = {isa = PBXFileReference; fileEncoding = 4; lastKnownFileType = file.xib; path = CHImagePickerView.xib; sourceTree = "<group>"; };
		ECD494031C30BE010043BE54 /* CHImagePickerViewCell.h */ = {isa = PBXFileReference; fileEncoding = 4; lastKnownFileType = sourcecode.c.h; path = CHImagePickerViewCell.h; sourceTree = "<group>"; };
		ECD494041C30BE010043BE54 /* CHImagePickerViewCell.m */ = {isa = PBXFileReference; fileEncoding = 4; lastKnownFileType = sourcecode.c.objc; path = CHImagePickerViewCell.m; sourceTree = "<group>"; };
		ECD494051C30BE010043BE54 /* CHImagePickerViewCell.xib */ = {isa = PBXFileReference; fileEncoding = 4; lastKnownFileType = file.xib; path = CHImagePickerViewCell.xib; sourceTree = "<group>"; };
		ECD4940E1C30CBD60043BE54 /* 1_checked.png */ = {isa = PBXFileReference; lastKnownFileType = image.png; path = 1_checked.png; sourceTree = "<group>"; };
		ECD4940F1C30CBD60043BE54 /* 1_uncheck.png */ = {isa = PBXFileReference; lastKnownFileType = image.png; path = 1_uncheck.png; sourceTree = "<group>"; };
		ECD494101C30CBD60043BE54 /* 2_checked.png */ = {isa = PBXFileReference; lastKnownFileType = image.png; path = 2_checked.png; sourceTree = "<group>"; };
		ECD494111C30CBD60043BE54 /* 2_unchecked.png */ = {isa = PBXFileReference; lastKnownFileType = image.png; path = 2_unchecked.png; sourceTree = "<group>"; };
		ECD494121C30CBD60043BE54 /* allCheck@2x.png */ = {isa = PBXFileReference; lastKnownFileType = image.png; path = "allCheck@2x.png"; sourceTree = "<group>"; };
		ECD494131C30CBD60043BE54 /* checked@2x.png */ = {isa = PBXFileReference; lastKnownFileType = image.png; path = "checked@2x.png"; sourceTree = "<group>"; };
/* End PBXFileReference section */

/* Begin PBXFrameworksBuildPhase section */
		ECD493AD1C28E9370043BE54 /* Frameworks */ = {
			isa = PBXFrameworksBuildPhase;
			buildActionMask = 2147483647;
			files = (
				EC8C8F1E1C362F22005BADBC /* CoreLocation.framework in Frameworks */,
				EC8C8F2C1C36AF54005BADBC /* Social.framework in Frameworks */,
				EC8C8F2A1C36AF4B005BADBC /* Accounts.framework in Frameworks */,
				EC8C8F281C362F4A005BADBC /* libz.tbd in Frameworks */,
				EC8C8F261C362F3C005BADBC /* SystemConfiguration.framework in Frameworks */,
				EC8C8F241C362F36005BADBC /* StoreKit.framework in Frameworks */,
				EC8C8F221C362F2F005BADBC /* Security.framework in Frameworks */,
				EC8C8F201C362F29005BADBC /* QuartzCore.framework in Frameworks */,
				EC8C8F1C1C362F1B005BADBC /* CoreGraphics.framework in Frameworks */,
				EC8C8F1A1C362F14005BADBC /* CFNetwork.framework in Frameworks */,
				EC8C8F181C362F0B005BADBC /* AudioToolbox.framework in Frameworks */,
				EC8C8EFA1C3271CE005BADBC /* libsqlite3.0.tbd in Frameworks */,
				EC8C8EF01C326430005BADBC /* libsqlite3.tbd in Frameworks */,
				3DD0FD0E461D75CD3BCD7A3C /* libPods.a in Frameworks */,
				EC8C8F151C362EB8005BADBC /* Bolts.framework in Frameworks */,
				EC8C8F161C362EB8005BADBC /* Parse.framework in Frameworks */,
			);
			runOnlyForDeploymentPostprocessing = 0;
		};
		ECD493C61C28E9370043BE54 /* Frameworks */ = {
			isa = PBXFrameworksBuildPhase;
			buildActionMask = 2147483647;
			files = (
			);
			runOnlyForDeploymentPostprocessing = 0;
		};
		ECD493D11C28E9370043BE54 /* Frameworks */ = {
			isa = PBXFrameworksBuildPhase;
			buildActionMask = 2147483647;
			files = (
			);
			runOnlyForDeploymentPostprocessing = 0;
		};
/* End PBXFrameworksBuildPhase section */

/* Begin PBXGroup section */
		55E7B1CE2366F0C1DBC5DAC0 /* Pods */ = {
			isa = PBXGroup;
			children = (
				92DA014E37C9787200AD1D99 /* Pods.debug.xcconfig */,
				683A63D2D4AF3E9A491058A9 /* Pods.release.xcconfig */,
			);
			name = Pods;
			sourceTree = "<group>";
		};
		A2161D033C13957A4D375534 /* Frameworks */ = {
			isa = PBXGroup;
			children = (
				EC8C8F2B1C36AF54005BADBC /* Social.framework */,
				EC8C8F291C36AF4B005BADBC /* Accounts.framework */,
				EC8C8F271C362F4A005BADBC /* libz.tbd */,
				EC8C8F251C362F3C005BADBC /* SystemConfiguration.framework */,
				EC8C8F231C362F36005BADBC /* StoreKit.framework */,
				EC8C8F211C362F2F005BADBC /* Security.framework */,
				EC8C8F1F1C362F29005BADBC /* QuartzCore.framework */,
				EC8C8F1D1C362F22005BADBC /* CoreLocation.framework */,
				EC8C8F1B1C362F1B005BADBC /* CoreGraphics.framework */,
				EC8C8F191C362F14005BADBC /* CFNetwork.framework */,
				EC8C8F171C362F0B005BADBC /* AudioToolbox.framework */,
				EC8C8F131C362EB8005BADBC /* Bolts.framework */,
				EC8C8F141C362EB8005BADBC /* Parse.framework */,
				EC8C8EF91C3271CE005BADBC /* libsqlite3.0.tbd */,
				EC8C8EEF1C326430005BADBC /* libsqlite3.tbd */,
				BD3503176144C23B38431939 /* libPods.a */,
			);
			name = Frameworks;
			sourceTree = "<group>";
		};
		EC37A03C1C4FB1E600215003 /* BCKeychainManager */ = {
			isa = PBXGroup;
			children = (
				EC37A03D1C4FB1E600215003 /* BCKeychainManager.h */,
				EC37A03E1C4FB1E600215003 /* BCKeychainManager.m */,
			);
			name = BCKeychainManager;
			path = Classes/BCKeychainManager;
			sourceTree = "<group>";
		};
		EC37A0411C5087D800215003 /* CHChatRoomSettingVC */ = {
			isa = PBXGroup;
			children = (
				EC37A0421C50881400215003 /* CHChatRoomSettingVC.h */,
				EC37A0431C50881400215003 /* CHChatRoomSettingVC.m */,
				EC37A0441C50881400215003 /* CHChatRoomSettingVC.xib */,
			);
			name = CHChatRoomSettingVC;
			sourceTree = "<group>";
		};
		EC8C8EFB1C327788005BADBC /* fmdb */ = {
			isa = PBXGroup;
			children = (
				EC8C8EFC1C327788005BADBC /* FMDatabase.h */,
				EC8C8EFD1C327788005BADBC /* FMDatabase.m */,
				EC8C8EFE1C327788005BADBC /* FMDatabaseAdditions.h */,
				EC8C8EFF1C327788005BADBC /* FMDatabaseAdditions.m */,
				EC8C8F001C327788005BADBC /* FMDatabasePool.h */,
				EC8C8F011C327788005BADBC /* FMDatabasePool.m */,
				EC8C8F021C327788005BADBC /* FMDatabaseQueue.h */,
				EC8C8F031C327788005BADBC /* FMDatabaseQueue.m */,
				EC8C8F041C327788005BADBC /* FMDB.h */,
				EC8C8F051C327788005BADBC /* FMResultSet.h */,
				EC8C8F061C327788005BADBC /* FMResultSet.m */,
			);
			name = fmdb;
			path = Classes/fmdb;
			sourceTree = "<group>";
		};
		EC8C8F0F1C33BD30005BADBC /* CHScrollView */ = {
			isa = PBXGroup;
			children = (
				EC8C8F101C33BD30005BADBC /* CHScrollView.h */,
				EC8C8F111C33BD30005BADBC /* CHScrollView.m */,
			);
			name = CHScrollView;
			path = Classes/CHScrollView;
			sourceTree = "<group>";
		};
		ECD3027F1C4F333100AFE746 /* CHChatRoomVC */ = {
			isa = PBXGroup;
			children = (
				ECD302801C4F334F00AFE746 /* CHChatRoomVC.h */,
				ECD302811C4F334F00AFE746 /* CHChatRoomVC.m */,
				ECD302821C4F334F00AFE746 /* CHChatRoomVC.xib */,
			);
			name = CHChatRoomVC;
			sourceTree = "<group>";
		};
		ECD493A71C28E9370043BE54 = {
			isa = PBXGroup;
			children = (
				EC8C8EF51C327193005BADBC /* mydatabase.sqlite */,
				ECD493B21C28E9370043BE54 /* PlugTrip_ios */,
				ECD493CC1C28E9370043BE54 /* PlugTrip_iosTests */,
				ECD493D71C28E9370043BE54 /* PlugTrip_iosUITests */,
				ECD493B11C28E9370043BE54 /* Products */,
				55E7B1CE2366F0C1DBC5DAC0 /* Pods */,
				A2161D033C13957A4D375534 /* Frameworks */,
			);
			sourceTree = "<group>";
		};
		ECD493B11C28E9370043BE54 /* Products */ = {
			isa = PBXGroup;
			children = (
				ECD493B01C28E9370043BE54 /* PlugTrip_ios.app */,
				ECD493C91C28E9370043BE54 /* PlugTrip_iosTests.xctest */,
				ECD493D41C28E9370043BE54 /* PlugTrip_iosUITests.xctest */,
			);
			name = Products;
			sourceTree = "<group>";
		};
		ECD493B21C28E9370043BE54 /* PlugTrip_ios */ = {
			isa = PBXGroup;
			children = (
				EC8C8F0C1C3277B7005BADBC /* myDB.h */,
				EC8C8F0D1C3277B7005BADBC /* myDB.m */,
				ECD493B61C28E9370043BE54 /* AppDelegate.h */,
				ECD493B71C28E9370043BE54 /* AppDelegate.m */,
				ECD493BC1C28E9370043BE54 /* Main.storyboard */,
				ECD493E61C2A4E960043BE54 /* CHLoginVC.h */,
				ECD493E71C2A4E960043BE54 /* CHLoginVC.m */,
				ECD493E91C2A4EBC0043BE54 /* CHMapViewVC.h */,
				ECD493EA1C2A4EBC0043BE54 /* CHMapViewVC.m */,
				ECD493EC1C2A59800043BE54 /* Classes */,
				ECD493B31C28E9370043BE54 /* Supporting Files */,
			);
			path = PlugTrip_ios;
			sourceTree = "<group>";
		};
		ECD493B31C28E9370043BE54 /* Supporting Files */ = {
			isa = PBXGroup;
			children = (
				ECD4940D1C30CBD60043BE54 /* Images */,
				ECD493BF1C28E9370043BE54 /* Assets.xcassets */,
				ECD493C11C28E9370043BE54 /* LaunchScreen.storyboard */,
				ECD493C41C28E9370043BE54 /* Info.plist */,
				ECD493B41C28E9370043BE54 /* main.m */,
			);
			name = "Supporting Files";
			sourceTree = "<group>";
		};
		ECD493CC1C28E9370043BE54 /* PlugTrip_iosTests */ = {
			isa = PBXGroup;
			children = (
				ECD493CD1C28E9370043BE54 /* PlugTrip_iosTests.m */,
				ECD493CF1C28E9370043BE54 /* Info.plist */,
			);
			path = PlugTrip_iosTests;
			sourceTree = "<group>";
		};
		ECD493D71C28E9370043BE54 /* PlugTrip_iosUITests */ = {
			isa = PBXGroup;
			children = (
				ECD493D81C28E9370043BE54 /* PlugTrip_iosUITests.m */,
				ECD493DA1C28E9370043BE54 /* Info.plist */,
			);
			path = PlugTrip_iosUITests;
			sourceTree = "<group>";
		};
		ECD493EC1C2A59800043BE54 /* Classes */ = {
			isa = PBXGroup;
			children = (
				EC37A03C1C4FB1E600215003 /* BCKeychainManager */,
				EC37A0411C5087D800215003 /* CHChatRoomSettingVC */,
				ECD3027F1C4F333100AFE746 /* CHChatRoomVC */,
				EC8C8F0F1C33BD30005BADBC /* CHScrollView */,
				EC8C8EFB1C327788005BADBC /* fmdb */,
				ECD493FC1C30BE010043BE54 /* CHImagePicker */,
				ECD493F61C2A748C0043BE54 /* MapVCMenuView */,
				ECD493ED1C2A5A440043BE54 /* MapVCSearchView */,
			);
			name = Classes;
			sourceTree = "<group>";
		};
		ECD493ED1C2A5A440043BE54 /* MapVCSearchView */ = {
			isa = PBXGroup;
			children = (
				ECD493EE1C2A5A440043BE54 /* MapVCSearchView.h */,
				ECD493EF1C2A5A440043BE54 /* MapVCSearchView.m */,
				ECD493F01C2A5A440043BE54 /* MapVCSearchView.xib */,
				ECD493F11C2A5A440043BE54 /* SelectedLocation.h */,
				ECD493F21C2A5A440043BE54 /* SelectedLocation.m */,
			);
			name = MapVCSearchView;
			path = Classes/MapVCSearchView;
			sourceTree = "<group>";
		};
		ECD493F61C2A748C0043BE54 /* MapVCMenuView */ = {
			isa = PBXGroup;
			children = (
				ECD493F71C2A748C0043BE54 /* MapVCMenuView.h */,
				ECD493F81C2A748C0043BE54 /* MapVCMenuView.m */,
				ECD493F91C2A748C0043BE54 /* MapVCMenuView.xib */,
			);
			name = MapVCMenuView;
			path = Classes/MapVCMenuView;
			sourceTree = "<group>";
		};
		ECD493FC1C30BE010043BE54 /* CHImagePicker */ = {
			isa = PBXGroup;
			children = (
				ECD494001C30BE010043BE54 /* CHImagePickerView.h */,
				ECD494011C30BE010043BE54 /* CHImagePickerView.m */,
				ECD494021C30BE010043BE54 /* CHImagePickerView.xib */,
				ECD493FD1C30BE010043BE54 /* CHImagePickerHeaderView.h */,
				ECD493FE1C30BE010043BE54 /* CHImagePickerHeaderView.m */,
				ECD493FF1C30BE010043BE54 /* CHImagePickerHeaderView.xib */,
				ECD494031C30BE010043BE54 /* CHImagePickerViewCell.h */,
				ECD494041C30BE010043BE54 /* CHImagePickerViewCell.m */,
				ECD494051C30BE010043BE54 /* CHImagePickerViewCell.xib */,
			);
			name = CHImagePicker;
			path = Classes/CHImagePicker;
			sourceTree = "<group>";
		};
		ECD4940D1C30CBD60043BE54 /* Images */ = {
			isa = PBXGroup;
			children = (
				ECD4940E1C30CBD60043BE54 /* 1_checked.png */,
				ECD4940F1C30CBD60043BE54 /* 1_uncheck.png */,
				ECD494101C30CBD60043BE54 /* 2_checked.png */,
				ECD494111C30CBD60043BE54 /* 2_unchecked.png */,
				ECD494121C30CBD60043BE54 /* allCheck@2x.png */,
				ECD494131C30CBD60043BE54 /* checked@2x.png */,
			);
			path = Images;
			sourceTree = "<group>";
		};
/* End PBXGroup section */

/* Begin PBXNativeTarget section */
		ECD493AF1C28E9370043BE54 /* PlugTrip_ios */ = {
			isa = PBXNativeTarget;
			buildConfigurationList = ECD493DD1C28E9370043BE54 /* Build configuration list for PBXNativeTarget "PlugTrip_ios" */;
			buildPhases = (
				394D7373232AB77FCDFEDBF8 /* Check Pods Manifest.lock */,
				ECD493AC1C28E9370043BE54 /* Sources */,
				ECD493AD1C28E9370043BE54 /* Frameworks */,
				ECD493AE1C28E9370043BE54 /* Resources */,
				B2E4FAD7978387D36CF231B2 /* Copy Pods Resources */,
			);
			buildRules = (
			);
			dependencies = (
			);
			name = PlugTrip_ios;
			productName = PlugTrip_ios;
			productReference = ECD493B01C28E9370043BE54 /* PlugTrip_ios.app */;
			productType = "com.apple.product-type.application";
		};
		ECD493C81C28E9370043BE54 /* PlugTrip_iosTests */ = {
			isa = PBXNativeTarget;
			buildConfigurationList = ECD493E01C28E9370043BE54 /* Build configuration list for PBXNativeTarget "PlugTrip_iosTests" */;
			buildPhases = (
				ECD493C51C28E9370043BE54 /* Sources */,
				ECD493C61C28E9370043BE54 /* Frameworks */,
				ECD493C71C28E9370043BE54 /* Resources */,
			);
			buildRules = (
			);
			dependencies = (
				ECD493CB1C28E9370043BE54 /* PBXTargetDependency */,
			);
			name = PlugTrip_iosTests;
			productName = PlugTrip_iosTests;
			productReference = ECD493C91C28E9370043BE54 /* PlugTrip_iosTests.xctest */;
			productType = "com.apple.product-type.bundle.unit-test";
		};
		ECD493D31C28E9370043BE54 /* PlugTrip_iosUITests */ = {
			isa = PBXNativeTarget;
			buildConfigurationList = ECD493E31C28E9370043BE54 /* Build configuration list for PBXNativeTarget "PlugTrip_iosUITests" */;
			buildPhases = (
				ECD493D01C28E9370043BE54 /* Sources */,
				ECD493D11C28E9370043BE54 /* Frameworks */,
				ECD493D21C28E9370043BE54 /* Resources */,
			);
			buildRules = (
			);
			dependencies = (
				ECD493D61C28E9370043BE54 /* PBXTargetDependency */,
			);
			name = PlugTrip_iosUITests;
			productName = PlugTrip_iosUITests;
			productReference = ECD493D41C28E9370043BE54 /* PlugTrip_iosUITests.xctest */;
			productType = "com.apple.product-type.bundle.ui-testing";
		};
/* End PBXNativeTarget section */

/* Begin PBXProject section */
		ECD493A81C28E9370043BE54 /* Project object */ = {
			isa = PBXProject;
			attributes = {
				LastUpgradeCheck = 0710;
				ORGANIZATIONNAME = "Chin-Hui Hsieh";
				TargetAttributes = {
					ECD493AF1C28E9370043BE54 = {
						CreatedOnToolsVersion = 7.1.1;
						DevelopmentTeam = RYFYSD45N2;
					};
					ECD493C81C28E9370043BE54 = {
						CreatedOnToolsVersion = 7.1.1;
						TestTargetID = ECD493AF1C28E9370043BE54;
					};
					ECD493D31C28E9370043BE54 = {
						CreatedOnToolsVersion = 7.1.1;
						TestTargetID = ECD493AF1C28E9370043BE54;
					};
				};
			};
			buildConfigurationList = ECD493AB1C28E9370043BE54 /* Build configuration list for PBXProject "PlugTrip_ios" */;
			compatibilityVersion = "Xcode 3.2";
			developmentRegion = English;
			hasScannedForEncodings = 0;
			knownRegions = (
				en,
				Base,
			);
			mainGroup = ECD493A71C28E9370043BE54;
			productRefGroup = ECD493B11C28E9370043BE54 /* Products */;
			projectDirPath = "";
			projectRoot = "";
			targets = (
				ECD493AF1C28E9370043BE54 /* PlugTrip_ios */,
				ECD493C81C28E9370043BE54 /* PlugTrip_iosTests */,
				ECD493D31C28E9370043BE54 /* PlugTrip_iosUITests */,
			);
		};
/* End PBXProject section */

/* Begin PBXResourcesBuildPhase section */
		ECD493AE1C28E9370043BE54 /* Resources */ = {
			isa = PBXResourcesBuildPhase;
			buildActionMask = 2147483647;
			files = (
				ECD493F41C2A5A440043BE54 /* MapVCSearchView.xib in Resources */,
				EC37A0461C50881400215003 /* CHChatRoomSettingVC.xib in Resources */,
				ECD494171C30CBD60043BE54 /* 2_unchecked.png in Resources */,
				ECD302841C4F334F00AFE746 /* CHChatRoomVC.xib in Resources */,
				ECD4940B1C30BE010043BE54 /* CHImagePickerViewCell.xib in Resources */,
				ECD493C31C28E9370043BE54 /* LaunchScreen.storyboard in Resources */,
				ECD494071C30BE010043BE54 /* CHImagePickerHeaderView.xib in Resources */,
				ECD494161C30CBD60043BE54 /* 2_checked.png in Resources */,
				ECD494091C30BE010043BE54 /* CHImagePickerView.xib in Resources */,
				ECD493FB1C2A748C0043BE54 /* MapVCMenuView.xib in Resources */,
				EC8C8EF61C327193005BADBC /* mydatabase.sqlite in Resources */,
				ECD494141C30CBD60043BE54 /* 1_checked.png in Resources */,
				ECD493C01C28E9370043BE54 /* Assets.xcassets in Resources */,
				ECD493BE1C28E9370043BE54 /* Main.storyboard in Resources */,
				ECD494151C30CBD60043BE54 /* 1_uncheck.png in Resources */,
				ECD494191C30CBD60043BE54 /* checked@2x.png in Resources */,
				ECD494181C30CBD60043BE54 /* allCheck@2x.png in Resources */,
			);
			runOnlyForDeploymentPostprocessing = 0;
		};
		ECD493C71C28E9370043BE54 /* Resources */ = {
			isa = PBXResourcesBuildPhase;
			buildActionMask = 2147483647;
			files = (
				EC8C8EF71C327193005BADBC /* mydatabase.sqlite in Resources */,
			);
			runOnlyForDeploymentPostprocessing = 0;
		};
		ECD493D21C28E9370043BE54 /* Resources */ = {
			isa = PBXResourcesBuildPhase;
			buildActionMask = 2147483647;
			files = (
				EC8C8EF81C327193005BADBC /* mydatabase.sqlite in Resources */,
			);
			runOnlyForDeploymentPostprocessing = 0;
		};
/* End PBXResourcesBuildPhase section */

/* Begin PBXShellScriptBuildPhase section */
		394D7373232AB77FCDFEDBF8 /* Check Pods Manifest.lock */ = {
			isa = PBXShellScriptBuildPhase;
			buildActionMask = 2147483647;
			files = (
			);
			inputPaths = (
			);
			name = "Check Pods Manifest.lock";
			outputPaths = (
			);
			runOnlyForDeploymentPostprocessing = 0;
			shellPath = /bin/sh;
			shellScript = "diff \"${PODS_ROOT}/../Podfile.lock\" \"${PODS_ROOT}/Manifest.lock\" > /dev/null\nif [[ $? != 0 ]] ; then\n    cat << EOM\nerror: The sandbox is not in sync with the Podfile.lock. Run 'pod install' or update your CocoaPods installation.\nEOM\n    exit 1\nfi\n";
			showEnvVarsInLog = 0;
		};
		B2E4FAD7978387D36CF231B2 /* Copy Pods Resources */ = {
			isa = PBXShellScriptBuildPhase;
			buildActionMask = 2147483647;
			files = (
			);
			inputPaths = (
			);
			name = "Copy Pods Resources";
			outputPaths = (
			);
			runOnlyForDeploymentPostprocessing = 0;
			shellPath = /bin/sh;
			shellScript = "\"${SRCROOT}/Pods/Target Support Files/Pods/Pods-resources.sh\"\n";
			showEnvVarsInLog = 0;
		};
/* End PBXShellScriptBuildPhase section */

/* Begin PBXSourcesBuildPhase section */
		ECD493AC1C28E9370043BE54 /* Sources */ = {
			isa = PBXSourcesBuildPhase;
			buildActionMask = 2147483647;
			files = (
				ECD493B81C28E9370043BE54 /* AppDelegate.m in Sources */,
				ECD493EB1C2A4EBC0043BE54 /* CHMapViewVC.m in Sources */,
				EC8C8F091C327788005BADBC /* FMDatabasePool.m in Sources */,
				EC8C8F0A1C327788005BADBC /* FMDatabaseQueue.m in Sources */,
				ECD493B51C28E9370043BE54 /* main.m in Sources */,
				ECD493F31C2A5A440043BE54 /* MapVCSearchView.m in Sources */,
				ECD494081C30BE010043BE54 /* CHImagePickerView.m in Sources */,
				ECD494061C30BE010043BE54 /* CHImagePickerHeaderView.m in Sources */,
				ECD493E81C2A4E960043BE54 /* CHLoginVC.m in Sources */,
				EC8C8F0B1C327788005BADBC /* FMResultSet.m in Sources */,
				EC37A03F1C4FB1E600215003 /* BCKeychainManager.m in Sources */,
				ECD493F51C2A5A440043BE54 /* SelectedLocation.m in Sources */,
				ECD493FA1C2A748C0043BE54 /* MapVCMenuView.m in Sources */,
				ECD302831C4F334F00AFE746 /* CHChatRoomVC.m in Sources */,
				EC8C8F121C33BD30005BADBC /* CHScrollView.m in Sources */,
				EC8C8F071C327788005BADBC /* FMDatabase.m in Sources */,
				EC8C8F0E1C3277B7005BADBC /* myDB.m in Sources */,
				ECD4940A1C30BE010043BE54 /* CHImagePickerViewCell.m in Sources */,
				EC8C8F081C327788005BADBC /* FMDatabaseAdditions.m in Sources */,
				EC37A0451C50881400215003 /* CHChatRoomSettingVC.m in Sources */,
			);
			runOnlyForDeploymentPostprocessing = 0;
		};
		ECD493C51C28E9370043BE54 /* Sources */ = {
			isa = PBXSourcesBuildPhase;
			buildActionMask = 2147483647;
			files = (
				ECD493CE1C28E9370043BE54 /* PlugTrip_iosTests.m in Sources */,
			);
			runOnlyForDeploymentPostprocessing = 0;
		};
		ECD493D01C28E9370043BE54 /* Sources */ = {
			isa = PBXSourcesBuildPhase;
			buildActionMask = 2147483647;
			files = (
				ECD493D91C28E9370043BE54 /* PlugTrip_iosUITests.m in Sources */,
			);
			runOnlyForDeploymentPostprocessing = 0;
		};
/* End PBXSourcesBuildPhase section */

/* Begin PBXTargetDependency section */
		ECD493CB1C28E9370043BE54 /* PBXTargetDependency */ = {
			isa = PBXTargetDependency;
			target = ECD493AF1C28E9370043BE54 /* PlugTrip_ios */;
			targetProxy = ECD493CA1C28E9370043BE54 /* PBXContainerItemProxy */;
		};
		ECD493D61C28E9370043BE54 /* PBXTargetDependency */ = {
			isa = PBXTargetDependency;
			target = ECD493AF1C28E9370043BE54 /* PlugTrip_ios */;
			targetProxy = ECD493D51C28E9370043BE54 /* PBXContainerItemProxy */;
		};
/* End PBXTargetDependency section */

/* Begin PBXVariantGroup section */
		ECD493BC1C28E9370043BE54 /* Main.storyboard */ = {
			isa = PBXVariantGroup;
			children = (
				ECD493BD1C28E9370043BE54 /* Base */,
			);
			name = Main.storyboard;
			sourceTree = "<group>";
		};
		ECD493C11C28E9370043BE54 /* LaunchScreen.storyboard */ = {
			isa = PBXVariantGroup;
			children = (
				ECD493C21C28E9370043BE54 /* Base */,
			);
			name = LaunchScreen.storyboard;
			sourceTree = "<group>";
		};
/* End PBXVariantGroup section */

/* Begin XCBuildConfiguration section */
		ECD493DB1C28E9370043BE54 /* Debug */ = {
			isa = XCBuildConfiguration;
			buildSettings = {
				ALWAYS_SEARCH_USER_PATHS = NO;
				CLANG_CXX_LANGUAGE_STANDARD = "gnu++0x";
				CLANG_CXX_LIBRARY = "libc++";
				CLANG_ENABLE_MODULES = YES;
				CLANG_ENABLE_OBJC_ARC = YES;
				CLANG_WARN_BOOL_CONVERSION = YES;
				CLANG_WARN_CONSTANT_CONVERSION = YES;
				CLANG_WARN_DIRECT_OBJC_ISA_USAGE = YES_ERROR;
				CLANG_WARN_EMPTY_BODY = YES;
				CLANG_WARN_ENUM_CONVERSION = YES;
				CLANG_WARN_INT_CONVERSION = YES;
				CLANG_WARN_OBJC_ROOT_CLASS = YES_ERROR;
				CLANG_WARN_UNREACHABLE_CODE = YES;
				CLANG_WARN__DUPLICATE_METHOD_MATCH = YES;
				"CODE_SIGN_IDENTITY[sdk=iphoneos*]" = "iPhone Developer";
				COPY_PHASE_STRIP = NO;
				DEBUG_INFORMATION_FORMAT = dwarf;
				ENABLE_STRICT_OBJC_MSGSEND = YES;
				ENABLE_TESTABILITY = YES;
				GCC_C_LANGUAGE_STANDARD = gnu99;
				GCC_DYNAMIC_NO_PIC = NO;
				GCC_NO_COMMON_BLOCKS = YES;
				GCC_OPTIMIZATION_LEVEL = 0;
				GCC_PREPROCESSOR_DEFINITIONS = (
					"DEBUG=1",
					"$(inherited)",
				);
				GCC_WARN_64_TO_32_BIT_CONVERSION = YES;
				GCC_WARN_ABOUT_RETURN_TYPE = YES_ERROR;
				GCC_WARN_UNDECLARED_SELECTOR = YES;
				GCC_WARN_UNINITIALIZED_AUTOS = YES_AGGRESSIVE;
				GCC_WARN_UNUSED_FUNCTION = YES;
				GCC_WARN_UNUSED_VARIABLE = YES;
				IPHONEOS_DEPLOYMENT_TARGET = 9.1;
				MTL_ENABLE_DEBUG_INFO = YES;
				ONLY_ACTIVE_ARCH = YES;
				SDKROOT = iphoneos;
			};
			name = Debug;
		};
		ECD493DC1C28E9370043BE54 /* Release */ = {
			isa = XCBuildConfiguration;
			buildSettings = {
				ALWAYS_SEARCH_USER_PATHS = NO;
				CLANG_CXX_LANGUAGE_STANDARD = "gnu++0x";
				CLANG_CXX_LIBRARY = "libc++";
				CLANG_ENABLE_MODULES = YES;
				CLANG_ENABLE_OBJC_ARC = YES;
				CLANG_WARN_BOOL_CONVERSION = YES;
				CLANG_WARN_CONSTANT_CONVERSION = YES;
				CLANG_WARN_DIRECT_OBJC_ISA_USAGE = YES_ERROR;
				CLANG_WARN_EMPTY_BODY = YES;
				CLANG_WARN_ENUM_CONVERSION = YES;
				CLANG_WARN_INT_CONVERSION = YES;
				CLANG_WARN_OBJC_ROOT_CLASS = YES_ERROR;
				CLANG_WARN_UNREACHABLE_CODE = YES;
				CLANG_WARN__DUPLICATE_METHOD_MATCH = YES;
				"CODE_SIGN_IDENTITY[sdk=iphoneos*]" = "iPhone Developer";
				COPY_PHASE_STRIP = NO;
				DEBUG_INFORMATION_FORMAT = "dwarf-with-dsym";
				ENABLE_NS_ASSERTIONS = NO;
				ENABLE_STRICT_OBJC_MSGSEND = YES;
				GCC_C_LANGUAGE_STANDARD = gnu99;
				GCC_NO_COMMON_BLOCKS = YES;
				GCC_WARN_64_TO_32_BIT_CONVERSION = YES;
				GCC_WARN_ABOUT_RETURN_TYPE = YES_ERROR;
				GCC_WARN_UNDECLARED_SELECTOR = YES;
				GCC_WARN_UNINITIALIZED_AUTOS = YES_AGGRESSIVE;
				GCC_WARN_UNUSED_FUNCTION = YES;
				GCC_WARN_UNUSED_VARIABLE = YES;
				IPHONEOS_DEPLOYMENT_TARGET = 9.1;
				MTL_ENABLE_DEBUG_INFO = NO;
				SDKROOT = iphoneos;
				VALIDATE_PRODUCT = YES;
			};
			name = Release;
		};
		ECD493DE1C28E9370043BE54 /* Debug */ = {
			isa = XCBuildConfiguration;
			baseConfigurationReference = 92DA014E37C9787200AD1D99 /* Pods.debug.xcconfig */;
			buildSettings = {
				ASSETCATALOG_COMPILER_APPICON_NAME = AppIcon;
				CODE_SIGN_IDENTITY = "iPhone Developer";
				FRAMEWORK_SEARCH_PATHS = (
					"$(inherited)",
					"$(PROJECT_DIR)",
				);
				INFOPLIST_FILE = PlugTrip_ios/Info.plist;
				LD_RUNPATH_SEARCH_PATHS = "$(inherited) @executable_path/Frameworks";
				PRODUCT_BUNDLE_IDENTIFIER = com.maxsoft.plugtrip;
				PRODUCT_NAME = "$(TARGET_NAME)";
				PROVISIONING_PROFILE = "";
			};
			name = Debug;
		};
		ECD493DF1C28E9370043BE54 /* Release */ = {
			isa = XCBuildConfiguration;
			baseConfigurationReference = 683A63D2D4AF3E9A491058A9 /* Pods.release.xcconfig */;
			buildSettings = {
				ASSETCATALOG_COMPILER_APPICON_NAME = AppIcon;
				CODE_SIGN_IDENTITY = "iPhone Developer";
				FRAMEWORK_SEARCH_PATHS = (
					"$(inherited)",
					"$(PROJECT_DIR)",
				);
				INFOPLIST_FILE = PlugTrip_ios/Info.plist;
				LD_RUNPATH_SEARCH_PATHS = "$(inherited) @executable_path/Frameworks";
				PRODUCT_BUNDLE_IDENTIFIER = com.maxsoft.plugtrip;
				PRODUCT_NAME = "$(TARGET_NAME)";
				PROVISIONING_PROFILE = "";
			};
			name = Release;
		};
		ECD493E11C28E9370043BE54 /* Debug */ = {
			isa = XCBuildConfiguration;
			buildSettings = {
				BUNDLE_LOADER = "$(TEST_HOST)";
				INFOPLIST_FILE = PlugTrip_iosTests/Info.plist;
				LD_RUNPATH_SEARCH_PATHS = "$(inherited) @executable_path/Frameworks @loader_path/Frameworks";
				PRODUCT_BUNDLE_IDENTIFIER = "tw.div.clydehsieh.PlugTrip-iosTests";
				PRODUCT_NAME = "$(TARGET_NAME)";
				TEST_HOST = "$(BUILT_PRODUCTS_DIR)/PlugTrip_ios.app/PlugTrip_ios";
			};
			name = Debug;
		};
		ECD493E21C28E9370043BE54 /* Release */ = {
			isa = XCBuildConfiguration;
			buildSettings = {
				BUNDLE_LOADER = "$(TEST_HOST)";
				INFOPLIST_FILE = PlugTrip_iosTests/Info.plist;
				LD_RUNPATH_SEARCH_PATHS = "$(inherited) @executable_path/Frameworks @loader_path/Frameworks";
				PRODUCT_BUNDLE_IDENTIFIER = "tw.div.clydehsieh.PlugTrip-iosTests";
				PRODUCT_NAME = "$(TARGET_NAME)";
				TEST_HOST = "$(BUILT_PRODUCTS_DIR)/PlugTrip_ios.app/PlugTrip_ios";
			};
			name = Release;
		};
		ECD493E41C28E9370043BE54 /* Debug */ = {
			isa = XCBuildConfiguration;
			buildSettings = {
				INFOPLIST_FILE = PlugTrip_iosUITests/Info.plist;
				LD_RUNPATH_SEARCH_PATHS = "$(inherited) @executable_path/Frameworks @loader_path/Frameworks";
				PRODUCT_BUNDLE_IDENTIFIER = "tw.div.clydehsieh.PlugTrip-iosUITests";
				PRODUCT_NAME = "$(TARGET_NAME)";
				TEST_TARGET_NAME = PlugTrip_ios;
				USES_XCTRUNNER = YES;
			};
			name = Debug;
		};
		ECD493E51C28E9370043BE54 /* Release */ = {
			isa = XCBuildConfiguration;
			buildSettings = {
				INFOPLIST_FILE = PlugTrip_iosUITests/Info.plist;
				LD_RUNPATH_SEARCH_PATHS = "$(inherited) @executable_path/Frameworks @loader_path/Frameworks";
				PRODUCT_BUNDLE_IDENTIFIER = "tw.div.clydehsieh.PlugTrip-iosUITests";
				PRODUCT_NAME = "$(TARGET_NAME)";
				TEST_TARGET_NAME = PlugTrip_ios;
				USES_XCTRUNNER = YES;
			};
			name = Release;
		};
/* End XCBuildConfiguration section */

/* Begin XCConfigurationList section */
		ECD493AB1C28E9370043BE54 /* Build configuration list for PBXProject "PlugTrip_ios" */ = {
			isa = XCConfigurationList;
			buildConfigurations = (
				ECD493DB1C28E9370043BE54 /* Debug */,
				ECD493DC1C28E9370043BE54 /* Release */,
			);
			defaultConfigurationIsVisible = 0;
			defaultConfigurationName = Release;
		};
		ECD493DD1C28E9370043BE54 /* Build configuration list for PBXNativeTarget "PlugTrip_ios" */ = {
			isa = XCConfigurationList;
			buildConfigurations = (
				ECD493DE1C28E9370043BE54 /* Debug */,
				ECD493DF1C28E9370043BE54 /* Release */,
			);
			defaultConfigurationIsVisible = 0;
			defaultConfigurationName = Release;
		};
		ECD493E01C28E9370043BE54 /* Build configuration list for PBXNativeTarget "PlugTrip_iosTests" */ = {
			isa = XCConfigurationList;
			buildConfigurations = (
				ECD493E11C28E9370043BE54 /* Debug */,
				ECD493E21C28E9370043BE54 /* Release */,
			);
			defaultConfigurationIsVisible = 0;
			defaultConfigurationName = Release;
		};
		ECD493E31C28E9370043BE54 /* Build configuration list for PBXNativeTarget "PlugTrip_iosUITests" */ = {
			isa = XCConfigurationList;
			buildConfigurations = (
				ECD493E41C28E9370043BE54 /* Debug */,
				ECD493E51C28E9370043BE54 /* Release */,
			);
			defaultConfigurationIsVisible = 0;
			defaultConfigurationName = Release;
		};
/* End XCConfigurationList section */
	};
	rootObject = ECD493A81C28E9370043BE54 /* Project object */;
}
